
Microsoft Visual Studio Solution File, Format Version 12.00
# Visual Studio Version 17
VisualStudioVersion = 17.14.36603.0 d17.14
MinimumVisualStudioVersion = 10.0.40219.1
Project("{FAE04EC0-301F-11D3-BF4B-00C04F79EFBC}") = "Portfolio", "Portfolio.csproj", "{4175879B-5489-4781-ADFA-685525CCC055}"
EndProject
Global
	GlobalSection(SolutionConfigurationPlatforms) = preSolution
		Debug|Any CPU = Debug|Any CPU
		Release|Any CPU = Release|Any CPU
	EndGlobalSection
	GlobalSection(ProjectConfigurationPlatforms) = postSolution
		{4175879B-5489-4781-ADFA-685525CCC055}.Debug|Any CPU.ActiveCfg = Debug|Any CPU
		{4175879B-5489-4781-ADFA-685525CCC055}.Debug|Any CPU.Build.0 = Debug|Any CPU
		{4175879B-5489-4781-ADFA-685525CCC055}.Release|Any CPU.ActiveCfg = Release|Any CPU
		{4175879B-5489-4781-ADFA-685525CCC055}.Release|Any CPU.Build.0 = Release|Any CPU
	EndGlobalSection
	GlobalSection(SolutionProperties) = preSolution
		HideSolutionNode = FALSE
	EndGlobalSection
	GlobalSection(ExtensibilityGlobals) = postSolution
		SolutionGuid = {8DFD736E-03B7-49FA-9017-CB953055F64D}
	EndGlobalSection
EndGlobal
